{
  "name": "Lamudi",
  "lockfileVersion": 2,
  "requires": true,
  "packages": {
    "": {
      "dependencies": {
        "-": "^0.0.1",
        "@types/google-apps-script": "^1.0.41"
      }
    },
    "node_modules/-": {
      "version": "0.0.1",
      "resolved": "https://registry.npmjs.org/-/-/--0.0.1.tgz",
      "integrity": "sha512-3HfneK3DGAm05fpyj20sT3apkNcvPpCuccOThOPdzz8sY7GgQGe0l93XH9bt+YzibcTIgUAIMoyVJI740RtgyQ=="
    },
    "node_modules/@types/google-apps-script": {
      "version": "1.0.41",
      "resolved": "https://registry.npmjs.org/@types/google-apps-script/-/google-apps-script-1.0.41.tgz",
      "integrity": "sha512-Lv8Tila1iNUynITT0H4lR59fcdkZ1JOPQiuthaOoG/agAbWYkZLeaR6yLIeRydFQ2bQqVgOrAXlmu8Ut8uUcOA=="
    }
  },
  "dependencies": {
    "-": {
      "version": "0.0.1",
      "resolved": "https://registry.npmjs.org/-/-/--0.0.1.tgz",
      "integrity": "sha512-3HfneK3DGAm05fpyj20sT3apkNcvPpCuccOThOPdzz8sY7GgQGe0l93XH9bt+YzibcTIgUAIMoyVJI740RtgyQ=="
    },
    "@types/google-apps-script": {
      "version": "1.0.41",
      "resolved": "https://registry.npmjs.org/@types/google-apps-script/-/google-apps-script-1.0.41.tgz",
      "integrity": "sha512-Lv8Tila1iNUynITT0H4lR59fcdkZ1JOPQiuthaOoG/agAbWYkZLeaR6yLIeRydFQ2bQqVgOrAXlmu8Ut8uUcOA=="
    }
  }
}
